// !$*UTF8*$!
{
	archiveVersion = 1;
	classes = {
	};
	objectVersion = 77;
	objects = {

/* Begin PBXBuildFile section */
		8CDA9CEA2CB5CA24008BDF4F /* ShareImage.appex in Embed Foundation Extensions */ = {isa = PBXBuildFile; fileRef = 8CDA9CE02CB5CA24008BDF4F /* ShareImage.appex */; settings = {ATTRIBUTES = (RemoveHeadersOnCopy, ); }; };
/* End PBXBuildFile section */

/* Begin PBXContainerItemProxy section */
		8CDA9CE82CB5CA24008BDF4F /* PBXContainerItemProxy */ = {
			isa = PBXContainerItemProxy;
			containerPortal = 8CDA9CC32CB5C9F9008BDF4F /* Project object */;
			proxyType = 1;
			remoteGlobalIDString = 8CDA9CDF2CB5CA24008BDF4F;
			remoteInfo = ShareImage;
		};
/* End PBXContainerItemProxy section */

/* Begin PBXCopyFilesBuildPhase section */
		8CDA9CEF2CB5CA24008BDF4F /* Embed Foundation Extensions */ = {
			isa = PBXCopyFilesBuildPhase;
			buildActionMask = 2147483647;
			dstPath = "";
			dstSubfolderSpec = 13;
			files = (
				8CDA9CEA2CB5CA24008BDF4F /* ShareImage.appex in Embed Foundation Extensions */,
			);
			name = "Embed Foundation Extensions";
			runOnlyForDeploymentPostprocessing = 0;
		};
/* End PBXCopyFilesBuildPhase section */

/* Begin PBXFileReference section */
		8CDA9CCB2CB5C9F9008BDF4F /* ShareExtension+Image_SwiftUI.app */ = {isa = PBXFileReference; explicitFileType = wrapper.application; includeInIndex = 0; path = "ShareExtension+Image_SwiftUI.app"; sourceTree = BUILT_PRODUCTS_DIR; };
		8CDA9CE02CB5CA24008BDF4F /* ShareImage.appex */ = {isa = PBXFileReference; explicitFileType = "wrapper.app-extension"; includeInIndex = 0; path = ShareImage.appex; sourceTree = BUILT_PRODUCTS_DIR; };
/* End PBXFileReference section */

/* Begin PBXFileSystemSynchronizedBuildFileExceptionSet section */
		8CDA9CEB2CB5CA24008BDF4F /* Exceptions for "ShareImage" folder in "ShareImage" target */ = {
			isa = PBXFileSystemSynchronizedBuildFileExceptionSet;
			membershipExceptions = (
				Info.plist,
			);
			target = 8CDA9CDF2CB5CA24008BDF4F /* ShareImage */;
		};
		8CDA9CF22CB5CC17008BDF4F /* Exceptions for "ShareExtension+Image_SwiftUI" folder in "ShareExtension+Image_SwiftUI" target */ = {
			isa = PBXFileSystemSynchronizedBuildFileExceptionSet;
			membershipExceptions = (
				ShareExtensionView.swift,
			);
			target = 8CDA9CCA2CB5C9F9008BDF4F /* ShareExtension+Image_SwiftUI */;
		};
		8CDA9CF32CB5CC17008BDF4F /* Exceptions for "ShareExtension+Image_SwiftUI" folder in "ShareImage" target */ = {
			isa = PBXFileSystemSynchronizedBuildFileExceptionSet;
			membershipExceptions = (
				ShareExtensionView.swift,
			);
			target = 8CDA9CDF2CB5CA24008BDF4F /* ShareImage */;
		};
/* End PBXFileSystemSynchronizedBuildFileExceptionSet section */

/* Begin PBXFileSystemSynchronizedRootGroup section */
		8CDA9CCD2CB5C9F9008BDF4F /* ShareExtension+Image_SwiftUI */ = {
			isa = PBXFileSystemSynchronizedRootGroup;
			exceptions = (
				8CDA9CF22CB5CC17008BDF4F /* Exceptions for "ShareExtension+Image_SwiftUI" folder in "ShareExtension+Image_SwiftUI" target */,
				8CDA9CF32CB5CC17008BDF4F /* Exceptions for "ShareExtension+Image_SwiftUI" folder in "ShareImage" target */,
			);
			path = "ShareExtension+Image_SwiftUI";
			sourceTree = "<group>";
		};
		8CDA9CE12CB5CA24008BDF4F /* ShareImage */ = {
			isa = PBXFileSystemSynchronizedRootGroup;
			exceptions = (
				8CDA9CEB2CB5CA24008BDF4F /* Exceptions for "ShareImage" folder in "ShareImage" target */,
			);
			path = ShareImage;
			sourceTree = "<group>";
		};
/* End PBXFileSystemSynchronizedRootGroup section */

/* Begin PBXFrameworksBuildPhase section */
		8CDA9CC82CB5C9F9008BDF4F /* Frameworks */ = {
			isa = PBXFrameworksBuildPhase;
			buildActionMask = 2147483647;
			files = (
			);
			runOnlyForDeploymentPostprocessing = 0;
		};
		8CDA9CDD2CB5CA24008BDF4F /* Frameworks */ = {
			isa = PBXFrameworksBuildPhase;
			buildActionMask = 2147483647;
			files = (
			);
			runOnlyForDeploymentPostprocessing = 0;
		};
/* End PBXFrameworksBuildPhase section */

/* Begin PBXGroup section */
		8CDA9CC22CB5C9F9008BDF4F = {
			isa = PBXGroup;
			children = (
				8CDA9CCD2CB5C9F9008BDF4F /* ShareExtension+Image_SwiftUI */,
				8CDA9CE12CB5CA24008BDF4F /* ShareImage */,
				8CDA9CCC2CB5C9F9008BDF4F /* Products */,
			);
			sourceTree = "<group>";
		};
		8CDA9CCC2CB5C9F9008BDF4F /* Products */ = {
			isa = PBXGroup;
			children = (
				8CDA9CCB2CB5C9F9008BDF4F /* ShareExtension+Image_SwiftUI.app */,
				8CDA9CE02CB5CA24008BDF4F /* ShareImage.appex */,
			);
			name = Products;
			sourceTree = "<group>";
		};
/* End PBXGroup section */

/* Begin PBXNativeTarget section */
		8CDA9CCA2CB5C9F9008BDF4F /* ShareExtension+Image_SwiftUI */ = {
			isa = PBXNativeTarget;
			buildConfigurationList = 8CDA9CD92CB5C9FD008BDF4F /* Build configuration list for PBXNativeTarget "ShareExtension+Image_SwiftUI" */;
			buildPhases = (
				8CDA9CC72CB5C9F9008BDF4F /* Sources */,
				8CDA9CC82CB5C9F9008BDF4F /* Frameworks */,
				8CDA9CC92CB5C9F9008BDF4F /* Resources */,
				8CDA9CEF2CB5CA24008BDF4F /* Embed Foundation Extensions */,
			);
			buildRules = (
			);
			dependencies = (
				8CDA9CE92CB5CA24008BDF4F /* PBXTargetDependency */,
			);
			fileSystemSynchronizedGroups = (
				8CDA9CCD2CB5C9F9008BDF4F /* ShareExtension+Image_SwiftUI */,
			);
			name = "ShareExtension+Image_SwiftUI";
			packageProductDependencies = (
			);
			productName = "ShareExtension+Image_SwiftUI";
			productReference = 8CDA9CCB2CB5C9F9008BDF4F /* ShareExtension+Image_SwiftUI.app */;
			productType = "com.apple.product-type.application";
		};
		8CDA9CDF2CB5CA24008BDF4F /* ShareImage */ = {
			isa = PBXNativeTarget;
			buildConfigurationList = 8CDA9CEC2CB5CA24008BDF4F /* Build configuration list for PBXNativeTarget "ShareImage" */;
			buildPhases = (
				8CDA9CDC2CB5CA24008BDF4F /* Sources */,
				8CDA9CDD2CB5CA24008BDF4F /* Frameworks */,
				8CDA9CDE2CB5CA24008BDF4F /* Resources */,
			);
			buildRules = (
			);
			dependencies = (
			);
			fileSystemSynchronizedGroups = (
				8CDA9CE12CB5CA24008BDF4F /* ShareImage */,
			);
			name = ShareImage;
			packageProductDependencies = (
			);
			productName = ShareImage;
			productReference = 8CDA9CE02CB5CA24008BDF4F /* ShareImage.appex */;
			productType = "com.apple.product-type.app-extension";
		};
/* End PBXNativeTarget section */

/* Begin PBXProject section */
		8CDA9CC32CB5C9F9008BDF4F /* Project object */ = {
			isa = PBXProject;
			attributes = {
				BuildIndependentTargetsInParallel = 1;
				LastSwiftUpdateCheck = 1600;
				LastUpgradeCheck = 1600;
				TargetAttributes = {
					8CDA9CCA2CB5C9F9008BDF4F = {
						CreatedOnToolsVersion = 16.0;
					};
					8CDA9CDF2CB5CA24008BDF4F = {
						CreatedOnToolsVersion = 16.0;
					};
				};
			};
			buildConfigurationList = 8CDA9CC62CB5C9F9008BDF4F /* Build configuration list for PBXProject "ShareExtension+Image_SwiftUI" */;
			developmentRegion = en;
			hasScannedForEncodings = 0;
			knownRegions = (
				en,
				Base,
			);
			mainGroup = 8CDA9CC22CB5C9F9008BDF4F;
			minimizedProjectReferenceProxies = 1;
			preferredProjectObjectVersion = 77;
			productRefGroup = 8CDA9CCC2CB5C9F9008BDF4F /* Products */;
			projectDirPath = "";
			projectRoot = "";
			targets = (
				8CDA9CCA2CB5C9F9008BDF4F /* ShareExtension+Image_SwiftUI */,
				8CDA9CDF2CB5CA24008BDF4F /* ShareImage */,
			);
		};
/* End PBXProject section */

/* Begin PBXResourcesBuildPhase section */
		8CDA9CC92CB5C9F9008BDF4F /* Resources */ = {
			isa = PBXResourcesBuildPhase;
			buildActionMask = 2147483647;
			files = (
			);
			runOnlyForDeploymentPostprocessing = 0;
		};
		8CDA9CDE2CB5CA24008BDF4F /* Resources */ = {
			isa = PBXResourcesBuildPhase;
			buildActionMask = 2147483647;
			files = (
			);
			runOnlyForDeploymentPostprocessing = 0;
		};
/* End PBXResourcesBuildPhase section */

/* Begin PBXSourcesBuildPhase section */
		8CDA9CC72CB5C9F9008BDF4F /* Sources */ = {
			isa = PBXSourcesBuildPhase;
			buildActionMask = 2147483647;
			files = (
			);
			runOnlyForDeploymentPostprocessing = 0;
		};
		8CDA9CDC2CB5CA24008BDF4F /* Sources */ = {
			isa = PBXSourcesBuildPhase;
			buildActionMask = 2147483647;
			files = (
			);
			runOnlyForDeploymentPostprocessing = 0;
		};
/* End PBXSourcesBuildPhase section */

/* Begin PBXTargetDependency section */
		8CDA9CE92CB5CA24008BDF4F /* PBXTargetDependency */ = {
			isa = PBXTargetDependency;
			target = 8CDA9CDF2CB5CA24008BDF4F /* ShareImage */;
			targetProxy = 8CDA9CE82CB5CA24008BDF4F /* PBXContainerItemProxy */;
		};
/* End PBXTargetDependency section */

/* Begin XCBuildConfiguration section */
		8CDA9CD72CB5C9FD008BDF4F /* Debug */ = {
			isa = XCBuildConfiguration;
			buildSettings = {
				ALWAYS_SEARCH_USER_PATHS = NO;
				ASSETCATALOG_COMPILER_GENERATE_SWIFT_ASSET_SYMBOL_EXTENSIONS = YES;
				CLANG_ANALYZER_NONNULL = YES;
				CLANG_ANALYZER_NUMBER_OBJECT_CONVERSION = YES_AGGRESSIVE;
				CLANG_CXX_LANGUAGE_STANDARD = "gnu++20";
				CLANG_ENABLE_MODULES = YES;
				CLANG_ENABLE_OBJC_ARC = YES;
				CLANG_ENABLE_OBJC_WEAK = YES;
				CLANG_WARN_BLOCK_CAPTURE_AUTORELEASING = YES;
				CLANG_WARN_BOOL_CONVERSION = YES;
				CLANG_WARN_COMMA = YES;
				CLANG_WARN_CONSTANT_CONVERSION = YES;
				CLANG_WARN_DEPRECATED_OBJC_IMPLEMENTATIONS = YES;
				CLANG_WARN_DIRECT_OBJC_ISA_USAGE = YES_ERROR;
				CLANG_WARN_DOCUMENTATION_COMMENTS = YES;
				CLANG_WARN_EMPTY_BODY = YES;
				CLANG_WARN_ENUM_CONVERSION = YES;
				CLANG_WARN_INFINITE_RECURSION = YES;
				CLANG_WARN_INT_CONVERSION = YES;
				CLANG_WARN_NON_LITERAL_NULL_CONVERSION = YES;
				CLANG_WARN_OBJC_IMPLICIT_RETAIN_SELF = YES;
				CLANG_WARN_OBJC_LITERAL_CONVERSION = YES;
				CLANG_WARN_OBJC_ROOT_CLASS = YES_ERROR;
				CLANG_WARN_QUOTED_INCLUDE_IN_FRAMEWORK_HEADER = YES;
				CLANG_WARN_RANGE_LOOP_ANALYSIS = YES;
				CLANG_WARN_STRICT_PROTOTYPES = YES;
				CLANG_WARN_SUSPICIOUS_MOVE = YES;
				CLANG_WARN_UNGUARDED_AVAILABILITY = YES_AGGRESSIVE;
				CLANG_WARN_UNREACHABLE_CODE = YES;
				CLANG_WARN__DUPLICATE_METHOD_MATCH = YES;
				COPY_PHASE_STRIP = NO;
				DEBUG_INFORMATION_FORMAT = dwarf;
				ENABLE_STRICT_OBJC_MSGSEND = YES;
				ENABLE_TESTABILITY = YES;
				ENABLE_USER_SCRIPT_SANDBOXING = YES;
				GCC_C_LANGUAGE_STANDARD = gnu17;
				GCC_DYNAMIC_NO_PIC = NO;
				GCC_NO_COMMON_BLOCKS = YES;
				GCC_OPTIMIZATION_LEVEL = 0;
				GCC_PREPROCESSOR_DEFINITIONS = (
					"DEBUG=1",
					"$(inherited)",
				);
				GCC_WARN_64_TO_32_BIT_CONVERSION = YES;
				GCC_WARN_ABOUT_RETURN_TYPE = YES_ERROR;
				GCC_WARN_UNDECLARED_SELECTOR = YES;
				GCC_WARN_UNINITIALIZED_AUTOS = YES_AGGRESSIVE;
				GCC_WARN_UNUSED_FUNCTION = YES;
				GCC_WARN_UNUSED_VARIABLE = YES;
				IPHONEOS_DEPLOYMENT_TARGET = 18.0;
				LOCALIZATION_PREFERS_STRING_CATALOGS = YES;
				MTL_ENABLE_DEBUG_INFO = INCLUDE_SOURCE;
				MTL_FAST_MATH = YES;
				ONLY_ACTIVE_ARCH = YES;
				SDKROOT = iphoneos;
				SWIFT_ACTIVE_COMPILATION_CONDITIONS = "DEBUG $(inherited)";
				SWIFT_OPTIMIZATION_LEVEL = "-Onone";
			};
			name = Debug;
		};
		8CDA9CD82CB5C9FD008BDF4F /* Release */ = {
			isa = XCBuildConfiguration;
			buildSettings = {
				ALWAYS_SEARCH_USER_PATHS = NO;
				ASSETCATALOG_COMPILER_GENERATE_SWIFT_ASSET_SYMBOL_EXTENSIONS = YES;
				CLANG_ANALYZER_NONNULL = YES;
				CLANG_ANALYZER_NUMBER_OBJECT_CONVERSION = YES_AGGRESSIVE;
				CLANG_CXX_LANGUAGE_STANDARD = "gnu++20";
				CLANG_ENABLE_MODULES = YES;
				CLANG_ENABLE_OBJC_ARC = YES;
				CLANG_ENABLE_OBJC_WEAK = YES;
				CLANG_WARN_BLOCK_CAPTURE_AUTORELEASING = YES;
				CLANG_WARN_BOOL_CONVERSION = YES;
				CLANG_WARN_COMMA = YES;
				CLANG_WARN_CONSTANT_CONVERSION = YES;
				CLANG_WARN_DEPRECATED_OBJC_IMPLEMENTATIONS = YES;
				CLANG_WARN_DIRECT_OBJC_ISA_USAGE = YES_ERROR;
				CLANG_WARN_DOCUMENTATION_COMMENTS = YES;
				CLANG_WARN_EMPTY_BODY = YES;
				CLANG_WARN_ENUM_CONVERSION = YES;
				CLANG_WARN_INFINITE_RECURSION = YES;
				CLANG_WARN_INT_CONVERSION = YES;
				CLANG_WARN_NON_LITERAL_NULL_CONVERSION = YES;
				CLANG_WARN_OBJC_IMPLICIT_RETAIN_SELF = YES;
				CLANG_WARN_OBJC_LITERAL_CONVERSION = YES;
				CLANG_WARN_OBJC_ROOT_CLASS = YES_ERROR;
				CLANG_WARN_QUOTED_INCLUDE_IN_FRAMEWORK_HEADER = YES;
				CLANG_WARN_RANGE_LOOP_ANALYSIS = YES;
				CLANG_WARN_STRICT_PROTOTYPES = YES;
				CLANG_WARN_SUSPICIOUS_MOVE = YES;
				CLANG_WARN_UNGUARDED_AVAILABILITY = YES_AGGRESSIVE;
				CLANG_WARN_UNREACHABLE_CODE = YES;
				CLANG_WARN__DUPLICATE_METHOD_MATCH = YES;
				COPY_PHASE_STRIP = NO;
				DEBUG_INFORMATION_FORMAT = "dwarf-with-dsym";
				ENABLE_NS_ASSERTIONS = NO;
				ENABLE_STRICT_OBJC_MSGSEND = YES;
				ENABLE_USER_SCRIPT_SANDBOXING = YES;
				GCC_C_LANGUAGE_STANDARD = gnu17;
				GCC_NO_COMMON_BLOCKS = YES;
				GCC_WARN_64_TO_32_BIT_CONVERSION = YES;
				GCC_WARN_ABOUT_RETURN_TYPE = YES_ERROR;
				GCC_WARN_UNDECLARED_SELECTOR = YES;
				GCC_WARN_UNINITIALIZED_AUTOS = YES_AGGRESSIVE;
				GCC_WARN_UNUSED_FUNCTION = YES;
				GCC_WARN_UNUSED_VARIABLE = YES;
				IPHONEOS_DEPLOYMENT_TARGET = 18.0;
				LOCALIZATION_PREFERS_STRING_CATALOGS = YES;
				MTL_ENABLE_DEBUG_INFO = NO;
				MTL_FAST_MATH = YES;
				SDKROOT = iphoneos;
				SWIFT_COMPILATION_MODE = wholemodule;
				VALIDATE_PRODUCT = YES;
			};
			name = Release;
		};
		8CDA9CDA2CB5C9FD008BDF4F /* Debug */ = {
			isa = XCBuildConfiguration;
			buildSettings = {
				ASSETCATALOG_COMPILER_APPICON_NAME = AppIcon;
				ASSETCATALOG_COMPILER_GLOBAL_ACCENT_COLOR_NAME = AccentColor;
				CODE_SIGN_STYLE = Automatic;
				CURRENT_PROJECT_VERSION = 1;
				DEVELOPMENT_ASSET_PATHS = "\"ShareExtension+Image_SwiftUI/Preview Content\"";
				DEVELOPMENT_TEAM = 8PKHC34MY2;
				ENABLE_PREVIEWS = YES;
				GENERATE_INFOPLIST_FILE = YES;
				INFOPLIST_KEY_UIApplicationSceneManifest_Generation = YES;
				INFOPLIST_KEY_UIApplicationSupportsIndirectInputEvents = YES;
				INFOPLIST_KEY_UILaunchScreen_Generation = YES;
				INFOPLIST_KEY_UISupportedInterfaceOrientations_iPad = "UIInterfaceOrientationPortrait UIInterfaceOrientationPortraitUpsideDown UIInterfaceOrientationLandscapeLeft UIInterfaceOrientationLandscapeRight";
				INFOPLIST_KEY_UISupportedInterfaceOrientations_iPhone = "UIInterfaceOrientationPortrait UIInterfaceOrientationLandscapeLeft UIInterfaceOrientationLandscapeRight";
				LD_RUNPATH_SEARCH_PATHS = (
					"$(inherited)",
					"@executable_path/Frameworks",
				);
				MARKETING_VERSION = 1.0;
				PRODUCT_BUNDLE_IDENTIFIER = "com.ricardo.ShareExtension-Image-SwiftUI";
				PRODUCT_NAME = "$(TARGET_NAME)";
				SWIFT_EMIT_LOC_STRINGS = YES;
				SWIFT_VERSION = 5.0;
				TARGETED_DEVICE_FAMILY = "1,2";
			};
			name = Debug;
		};
		8CDA9CDB2CB5C9FD008BDF4F /* Release */ = {
			isa = XCBuildConfiguration;
			buildSettings = {
				ASSETCATALOG_COMPILER_APPICON_NAME = AppIcon;
				ASSETCATALOG_COMPILER_GLOBAL_ACCENT_COLOR_NAME = AccentColor;
				CODE_SIGN_STYLE = Automatic;
				CURRENT_PROJECT_VERSION = 1;
				DEVELOPMENT_ASSET_PATHS = "\"ShareExtension+Image_SwiftUI/Preview Content\"";
				DEVELOPMENT_TEAM = 8PKHC34MY2;
				ENABLE_PREVIEWS = YES;
				GENERATE_INFOPLIST_FILE = YES;
				INFOPLIST_KEY_UIApplicationSceneManifest_Generation = YES;
				INFOPLIST_KEY_UIApplicationSupportsIndirectInputEvents = YES;
				INFOPLIST_KEY_UILaunchScreen_Generation = YES;
				INFOPLIST_KEY_UISupportedInterfaceOrientations_iPad = "UIInterfaceOrientationPortrait UIInterfaceOrientationPortraitUpsideDown UIInterfaceOrientationLandscapeLeft UIInterfaceOrientationLandscapeRight";
				INFOPLIST_KEY_UISupportedInterfaceOrientations_iPhone = "UIInterfaceOrientationPortrait UIInterfaceOrientationLandscapeLeft UIInterfaceOrientationLandscapeRight";
				LD_RUNPATH_SEARCH_PATHS = (
					"$(inherited)",
					"@executable_path/Frameworks",
				);
				MARKETING_VERSION = 1.0;
				PRODUCT_BUNDLE_IDENTIFIER = "com.ricardo.ShareExtension-Image-SwiftUI";
				PRODUCT_NAME = "$(TARGET_NAME)";
				SWIFT_EMIT_LOC_STRINGS = YES;
				SWIFT_VERSION = 5.0;
				TARGETED_DEVICE_FAMILY = "1,2";
			};
			name = Release;
		};
		8CDA9CED2CB5CA24008BDF4F /* Debug */ = {
			isa = XCBuildConfiguration;
			buildSettings = {
				CODE_SIGN_STYLE = Automatic;
				CURRENT_PROJECT_VERSION = 1;
				DEVELOPMENT_TEAM = 8PKHC34MY2;
				GENERATE_INFOPLIST_FILE = YES;
				INFOPLIST_FILE = ShareImage/Info.plist;
				INFOPLIST_KEY_CFBundleDisplayName = ShareImage;
				INFOPLIST_KEY_NSHumanReadableCopyright = "";
				LD_RUNPATH_SEARCH_PATHS = (
					"$(inherited)",
					"@executable_path/Frameworks",
					"@executable_path/../../Frameworks",
				);
				MARKETING_VERSION = 1.0;
				PRODUCT_BUNDLE_IDENTIFIER = "com.ricardo.ShareExtension-Image-SwiftUI.ShareImage";
				PRODUCT_NAME = "$(TARGET_NAME)";
				SKIP_INSTALL = YES;
				SWIFT_EMIT_LOC_STRINGS = YES;
				SWIFT_VERSION = 5.0;
				TARGETED_DEVICE_FAMILY = "1,2";
			};
			name = Debug;
		};
		8CDA9CEE2CB5CA24008BDF4F /* Release */ = {
			isa = XCBuildConfiguration;
			buildSettings = {
				CODE_SIGN_STYLE = Automatic;
				CURRENT_PROJECT_VERSION = 1;
				DEVELOPMENT_TEAM = 8PKHC34MY2;
				GENERATE_INFOPLIST_FILE = YES;
				INFOPLIST_FILE = ShareImage/Info.plist;
				INFOPLIST_KEY_CFBundleDisplayName = ShareImage;
				INFOPLIST_KEY_NSHumanReadableCopyright = "";
				LD_RUNPATH_SEARCH_PATHS = (
					"$(inherited)",
					"@executable_path/Frameworks",
					"@executable_path/../../Frameworks",
				);
				MARKETING_VERSION = 1.0;
				PRODUCT_BUNDLE_IDENTIFIER = "com.ricardo.ShareExtension-Image-SwiftUI.ShareImage";
				PRODUCT_NAME = "$(TARGET_NAME)";
				SKIP_INSTALL = YES;
				SWIFT_EMIT_LOC_STRINGS = YES;
				SWIFT_VERSION = 5.0;
				TARGETED_DEVICE_FAMILY = "1,2";
			};
			name = Release;
		};
/* End XCBuildConfiguration section */

/* Begin XCConfigurationList section */
		8CDA9CC62CB5C9F9008BDF4F /* Build configuration list for PBXProject "ShareExtension+Image_SwiftUI" */ = {
			isa = XCConfigurationList;
			buildConfigurations = (
				8CDA9CD72CB5C9FD008BDF4F /* Debug */,
				8CDA9CD82CB5C9FD008BDF4F /* Release */,
			);
			defaultConfigurationIsVisible = 0;
			defaultConfigurationName = Release;
		};
		8CDA9CD92CB5C9FD008BDF4F /* Build configuration list for PBXNativeTarget "ShareExtension+Image_SwiftUI" */ = {
			isa = XCConfigurationList;
			buildConfigurations = (
				8CDA9CDA2CB5C9FD008BDF4F /* Debug */,
				8CDA9CDB2CB5C9FD008BDF4F /* Release */,
			);
			defaultConfigurationIsVisible = 0;
			defaultConfigurationName = Release;
		};
		8CDA9CEC2CB5CA24008BDF4F /* Build configuration list for PBXNativeTarget "ShareImage" */ = {
			isa = XCConfigurationList;
			buildConfigurations = (
				8CDA9CED2CB5CA24008BDF4F /* Debug */,
				8CDA9CEE2CB5CA24008BDF4F /* Release */,
			);
			defaultConfigurationIsVisible = 0;
			defaultConfigurationName = Release;
		};
/* End XCConfigurationList section */
	};
	rootObject = 8CDA9CC32CB5C9F9008BDF4F /* Project object */;
}
